{
  "version": 4,
  "terraform_version": "1.0.2",
  "serial": 133,
  "lineage": "11946199-c9bb-ef9d-38be-670270bc8f66",
  "outputs": {
    "k3d_ip_addr": {
      "value": "ssh ubuntu@3.70.176.172",
      "type": "string"
    },
    "kind_ip_addr": {
      "value": "ssh ubuntu@18.159.104.194",
      "type": "string"
    },
    "microk8s_ip_addr": {
      "value": "ssh ubuntu@3.123.21.54",
      "type": "string"
    },
    "minikube_ip_addr": {
      "value": "ssh ubuntu@18.159.60.218",
      "type": "string"
    }
  },
  "resources": [
    {
      "mode": "data",
      "type": "aws_ami",
      "name": "ubuntu-server",
      "provider": "provider[\"registry.terraform.io/hashicorp/aws\"]",
      "instances": [
        {
          "schema_version": 0,
          "attributes": {
            "architecture": "x86_64",
            "arn": "arn:aws:ec2:eu-central-1::image/ami-0ccc52d1499699b6b",
            "block_device_mappings": [
              {
                "device_name": "/dev/sda1",
                "ebs": {
                  "delete_on_termination": "true",
                  "encrypted": "false",
                  "iops": "0",
                  "snapshot_id": "snap-0fe9c09274bc13f82",
                  "throughput": "0",
                  "volume_size": "8",
                  "volume_type": "gp2"
                },
                "no_device": "",
                "virtual_name": ""
              },
              {
                "device_name": "/dev/sdb",
                "ebs": {},
                "no_device": "",
                "virtual_name": "ephemeral0"
              },
              {
                "device_name": "/dev/sdc",
                "ebs": {},
                "no_device": "",
                "virtual_name": "ephemeral1"
              }
            ],
            "creation_date": "2022-03-03T20:20:46.000Z",
            "description": "Canonical, Ubuntu, 20.04 LTS, amd64 focal image build on 2022-03-02",
            "ena_support": true,
            "executable_users": null,
            "filter": [
              {
                "name": "architecture",
                "values": [
                  "x86_64"
                ]
              },
              {
                "name": "name",
                "values": [
                  "ubuntu/images/hvm-ssd/ubuntu-focal-20.04-amd64-server-*"
                ]
              }
            ],
            "hypervisor": "xen",
            "id": "ami-0ccc52d1499699b6b",
            "image_id": "ami-0ccc52d1499699b6b",
            "image_location": "099720109477/ubuntu/images/hvm-ssd/ubuntu-focal-20.04-amd64-server-20220302",
            "image_owner_alias": null,
            "image_type": "machine",
            "kernel_id": null,
            "most_recent": true,
            "name": "ubuntu/images/hvm-ssd/ubuntu-focal-20.04-amd64-server-20220302",
            "name_regex": null,
            "owner_id": "099720109477",
            "owners": [
              "099720109477"
            ],
            "platform": null,
            "platform_details": "Linux/UNIX",
            "product_codes": [],
            "public": true,
            "ramdisk_id": null,
            "root_device_name": "/dev/sda1",
            "root_device_type": "ebs",
            "root_snapshot_id": "snap-0fe9c09274bc13f82",
            "sriov_net_support": "simple",
            "state": "available",
            "state_reason": {
              "code": "UNSET",
              "message": "UNSET"
            },
            "tags": {},
            "usage_operation": "RunInstances",
            "virtualization_type": "hvm"
          },
          "sensitive_attributes": []
        }
      ]
    },
    {
      "mode": "data",
      "type": "aws_availability_zone",
      "name": "a",
      "provider": "provider[\"registry.terraform.io/hashicorp/aws\"]",
      "instances": [
        {
          "schema_version": 0,
          "attributes": {
            "all_availability_zones": null,
            "filter": null,
            "group_name": "eu-central-1",
            "id": "eu-central-1a",
            "name": "eu-central-1a",
            "name_suffix": "a",
            "network_border_group": "eu-central-1",
            "opt_in_status": "opt-in-not-required",
            "parent_zone_id": "",
            "parent_zone_name": "",
            "region": "eu-central-1",
            "state": "available",
            "zone_id": "euc1-az2",
            "zone_type": "availability-zone"
          },
          "sensitive_attributes": []
        }
      ]
    },
    {
      "mode": "data",
      "type": "aws_caller_identity",
      "name": "current",
      "provider": "provider[\"registry.terraform.io/hashicorp/aws\"]",
      "instances": [
        {
          "schema_version": 0,
          "attributes": {
            "account_id": "112659975190",
            "arn": "arn:aws:sts::112659975190:assumed-role/AWSReservedSSO_AdministratorAccess_4cfcb925660fb5db/martivo@awsid.cloud.ee",
            "id": "112659975190",
            "user_id": "AROARUOYOZQLPXWE3ITFX:martivo@awsid.cloud.ee"
          },
          "sensitive_attributes": []
        }
      ]
    },
    {
      "mode": "data",
      "type": "aws_region",
      "name": "current",
      "provider": "provider[\"registry.terraform.io/hashicorp/aws\"]",
      "instances": [
        {
          "schema_version": 0,
          "attributes": {
            "description": "Europe (Frankfurt)",
            "endpoint": "ec2.eu-central-1.amazonaws.com",
            "id": "eu-central-1",
            "name": "eu-central-1"
          },
          "sensitive_attributes": []
        }
      ]
    },
    {
      "mode": "data",
      "type": "local_file",
      "name": "microk8s",
      "provider": "provider[\"registry.terraform.io/hashicorp/local\"]",
      "instances": [
        {
          "schema_version": 0,
          "attributes": {
            "content": "#!/bin/bash\n\nMEMORY_AVAIL=`free -m | grep Mem | awk '{print $7}'`\n\necho \"Tööriista paigaldus\"\nSTART_TIME=$SECONDS\nsudo snap install lxd\nsudo lxd init\nlxc profile create microk8s\nwget https://raw.githubusercontent.com/ubuntu/microk8s/master/tests/lxc/microk8s.profile -O microk8s.profile\ncat microk8s.profile | lxc profile edit microk8s\nrm microk8s.profile\n\necho \"Tööriista paigaldus võttis $(($SECONDS - $START_TIME)) sekundit\"\n\n\necho \"Tööriistaga klastri loomine.\"\nSTART_TIME=$SECONDS\nfree -m\n#https://microk8s.io/docs/lxd\n#https://ubuntu.com/tutorials/getting-started-with-kubernetes-ha?\u0026_ga=2.199186223.1894255953.1646810874-1723796373.1646050010#4-create-a-microk8s-multinode-cluster\n\nlxc launch -p default -p microk8s-m1 ubuntu:20.04 microk8s\nlxc exec microk8s -- sudo snap install microk8s --classic\nlxc shell microk8s \"cat \u003e /etc/rc.local \u003c\u003cEOF\n#!/bin/bash\napparmor_parser --replace /var/lib/snapd/apparmor/profiles/snap.microk8s.*\nexit 0\nEOF\"\nlxc exec microk8s -- sudo chmod +x /etc/rc.local\n\nmicrok8s status --wait-ready\n\necho \"Tööriista käivitamine võttis $(($SECONDS - $START_TIME)) sekundit\"\n\necho \"Kontroll kas kõik töötaja masinad on valmis.\"\nSTART_TIME=$SECONDS\nfoo=\"1\"\nwhile [ \"$foo\" -lt \"8\" ]\ndo\n        sleep 1\n        foo=$(microk8s kubectl get nodes | grep Ready | wc -l)\n        echo \"$foo nodes ready, waiting.\"\ndone\nmicrok8s kubectl get nodes\necho \"Kõik töötaja masinad on valmis $(($SECONDS - $START_TIME)) sekundiga.\"\n\nMEM_NOW=`free -m | grep Mem | awk '{print $7}'`\n\necho \"Mälukasutuse muutus on $(($MEMORY_AVAIL - $MEM_NOW))\"\nfree -m\n\n\n\n",
            "content_base64": "IyEvYmluL2Jhc2gKCk1FTU9SWV9BVkFJTD1gZnJlZSAtbSB8IGdyZXAgTWVtIHwgYXdrICd7cHJpbnQgJDd9J2AKCmVjaG8gIlTDtsO2cmlpc3RhIHBhaWdhbGR1cyIKU1RBUlRfVElNRT0kU0VDT05EUwpzdWRvIHNuYXAgaW5zdGFsbCBseGQKc3VkbyBseGQgaW5pdApseGMgcHJvZmlsZSBjcmVhdGUgbWljcm9rOHMKd2dldCBodHRwczovL3Jhdy5naXRodWJ1c2VyY29udGVudC5jb20vdWJ1bnR1L21pY3JvazhzL21hc3Rlci90ZXN0cy9seGMvbWljcm9rOHMucHJvZmlsZSAtTyBtaWNyb2s4cy5wcm9maWxlCmNhdCBtaWNyb2s4cy5wcm9maWxlIHwgbHhjIHByb2ZpbGUgZWRpdCBtaWNyb2s4cwpybSBtaWNyb2s4cy5wcm9maWxlCgplY2hvICJUw7bDtnJpaXN0YSBwYWlnYWxkdXMgdsO1dHRpcyAkKCgkU0VDT05EUyAtICRTVEFSVF9USU1FKSkgc2VrdW5kaXQiCgoKZWNobyAiVMO2w7ZyaWlzdGFnYSBrbGFzdHJpIGxvb21pbmUuIgpTVEFSVF9USU1FPSRTRUNPTkRTCmZyZWUgLW0KI2h0dHBzOi8vbWljcm9rOHMuaW8vZG9jcy9seGQKI2h0dHBzOi8vdWJ1bnR1LmNvbS90dXRvcmlhbHMvZ2V0dGluZy1zdGFydGVkLXdpdGgta3ViZXJuZXRlcy1oYT8mX2dhPTIuMTk5MTg2MjIzLjE4OTQyNTU5NTMuMTY0NjgxMDg3NC0xNzIzNzk2MzczLjE2NDYwNTAwMTAjNC1jcmVhdGUtYS1taWNyb2s4cy1tdWx0aW5vZGUtY2x1c3RlcgoKbHhjIGxhdW5jaCAtcCBkZWZhdWx0IC1wIG1pY3JvazhzLW0xIHVidW50dToyMC4wNCBtaWNyb2s4cwpseGMgZXhlYyBtaWNyb2s4cyAtLSBzdWRvIHNuYXAgaW5zdGFsbCBtaWNyb2s4cyAtLWNsYXNzaWMKbHhjIHNoZWxsIG1pY3JvazhzICJjYXQgPiAvZXRjL3JjLmxvY2FsIDw8RU9GCiMhL2Jpbi9iYXNoCmFwcGFybW9yX3BhcnNlciAtLXJlcGxhY2UgL3Zhci9saWIvc25hcGQvYXBwYXJtb3IvcHJvZmlsZXMvc25hcC5taWNyb2s4cy4qCmV4aXQgMApFT0YiCmx4YyBleGVjIG1pY3JvazhzIC0tIHN1ZG8gY2htb2QgK3ggL2V0Yy9yYy5sb2NhbAoKbWljcm9rOHMgc3RhdHVzIC0td2FpdC1yZWFkeQoKZWNobyAiVMO2w7ZyaWlzdGEga8OkaXZpdGFtaW5lIHbDtXR0aXMgJCgoJFNFQ09ORFMgLSAkU1RBUlRfVElNRSkpIHNla3VuZGl0IgoKZWNobyAiS29udHJvbGwga2FzIGvDtWlrIHTDtsO2dGFqYSBtYXNpbmFkIG9uIHZhbG1pcy4iClNUQVJUX1RJTUU9JFNFQ09ORFMKZm9vPSIxIgp3aGlsZSBbICIkZm9vIiAtbHQgIjgiIF0KZG8KICAgICAgICBzbGVlcCAxCiAgICAgICAgZm9vPSQobWljcm9rOHMga3ViZWN0bCBnZXQgbm9kZXMgfCBncmVwIFJlYWR5IHwgd2MgLWwpCiAgICAgICAgZWNobyAiJGZvbyBub2RlcyByZWFkeSwgd2FpdGluZy4iCmRvbmUKbWljcm9rOHMga3ViZWN0bCBnZXQgbm9kZXMKZWNobyAiS8O1aWsgdMO2w7Z0YWphIG1hc2luYWQgb24gdmFsbWlzICQoKCRTRUNPTkRTIC0gJFNUQVJUX1RJTUUpKSBzZWt1bmRpZ2EuIgoKTUVNX05PVz1gZnJlZSAtbSB8IGdyZXAgTWVtIHwgYXdrICd7cHJpbnQgJDd9J2AKCmVjaG8gIk3DpGx1a2FzdXR1c2UgbXV1dHVzIG9uICQoKCRNRU1PUllfQVZBSUwgLSAkTUVNX05PVykpIgpmcmVlIC1tCgoKCg==",
            "filename": "run_microk8s.sh",
            "id": "fa5e27f0ac9960460f063925190f948d9780e046"
          },
          "sensitive_attributes": []
        }
      ]
    },
    {
      "mode": "managed",
      "type": "aws_eip",
      "name": "nat-a",
      "provider": "provider[\"registry.terraform.io/hashicorp/aws\"]",
      "instances": [
        {
          "schema_version": 0,
          "attributes": {
            "address": null,
            "allocation_id": null,
            "associate_with_private_ip": null,
            "association_id": "eipassoc-05494016e228c2ba8",
            "carrier_ip": "",
            "customer_owned_ip": "",
            "customer_owned_ipv4_pool": "",
            "domain": "vpc",
            "id": "eipalloc-04c03573c9d28e747",
            "instance": "",
            "network_border_group": "eu-central-1",
            "network_interface": "eni-05c7db6c9ba622ea0",
            "private_dns": "ip-10-139-0-205.eu-central-1.compute.internal",
            "private_ip": "10.139.0.205",
            "public_dns": "ec2-18-159-117-161.eu-central-1.compute.amazonaws.com",
            "public_ip": "18.159.117.161",
            "public_ipv4_pool": "amazon",
            "tags": {},
            "tags_all": {},
            "timeouts": null,
            "vpc": true
          },
          "sensitive_attributes": [],
          "private": "eyJlMmJmYjczMC1lY2FhLTExZTYtOGY4OC0zNDM2M2JjN2M0YzAiOnsiZGVsZXRlIjoxODAwMDAwMDAwMDAsInJlYWQiOjkwMDAwMDAwMDAwMCwidXBkYXRlIjozMDAwMDAwMDAwMDB9fQ=="
        }
      ]
    },
    {
      "mode": "managed",
      "type": "aws_iam_instance_profile",
      "name": "node",
      "provider": "provider[\"registry.terraform.io/hashicorp/aws\"]",
      "instances": [
        {
          "schema_version": 0,
          "attributes": {
            "arn": "arn:aws:iam::112659975190:instance-profile/experiment-eks-node-instance-profile",
            "create_date": "2022-03-09T07:02:17Z",
            "id": "experiment-eks-node-instance-profile",
            "name": "experiment-eks-node-instance-profile",
            "name_prefix": null,
            "path": "/",
            "role": "experiment-eks-node-role",
            "tags": {},
            "tags_all": {},
            "unique_id": "AIPARUOYOZQLLZTRGJBZ7"
          },
          "sensitive_attributes": [],
          "private": "bnVsbA==",
          "dependencies": [
            "aws_iam_role.node"
          ]
        }
      ]
    },
    {
      "mode": "managed",
      "type": "aws_iam_role",
      "name": "node",
      "provider": "provider[\"registry.terraform.io/hashicorp/aws\"]",
      "instances": [
        {
          "schema_version": 0,
          "attributes": {
            "arn": "arn:aws:iam::112659975190:role/experiment-eks-node-role",
            "assume_role_policy": "{\"Version\":\"2012-10-17\",\"Statement\":[{\"Effect\":\"Allow\",\"Principal\":{\"Service\":\"ec2.amazonaws.com\"},\"Action\":\"sts:AssumeRole\"}]}",
            "create_date": "2022-03-09T07:02:15Z",
            "description": "",
            "force_detach_policies": false,
            "id": "experiment-eks-node-role",
            "inline_policy": [
              {
                "name": "",
                "policy": ""
              }
            ],
            "managed_policy_arns": [],
            "max_session_duration": 3600,
            "name": "experiment-eks-node-role",
            "name_prefix": null,
            "path": "/",
            "permissions_boundary": null,
            "tags": {},
            "tags_all": {},
            "unique_id": "AROARUOYOZQLC4C5HWHMU"
          },
          "sensitive_attributes": [],
          "private": "bnVsbA=="
        }
      ]
    },
    {
      "mode": "managed",
      "type": "aws_instance",
      "name": "k3d",
      "provider": "provider[\"registry.terraform.io/hashicorp/aws\"]",
      "instances": [
        {
          "schema_version": 1,
          "attributes": {
            "ami": "ami-0ccc52d1499699b6b",
            "arn": "arn:aws:ec2:eu-central-1:112659975190:instance/i-060ccf06510dc5ac4",
            "associate_public_ip_address": true,
            "availability_zone": "eu-central-1a",
            "capacity_reservation_specification": [
              {
                "capacity_reservation_preference": "open",
                "capacity_reservation_target": []
              }
            ],
            "cpu_core_count": 1,
            "cpu_threads_per_core": 2,
            "credit_specification": [],
            "disable_api_termination": false,
            "ebs_block_device": [],
            "ebs_optimized": false,
            "enclave_options": [
              {
                "enabled": false
              }
            ],
            "ephemeral_block_device": [],
            "get_password_data": false,
            "hibernation": false,
            "host_id": null,
            "iam_instance_profile": "experiment-eks-node-instance-profile",
            "id": "i-060ccf06510dc5ac4",
            "instance_initiated_shutdown_behavior": "stop",
            "instance_state": "running",
            "instance_type": "m5.large",
            "ipv6_address_count": 0,
            "ipv6_addresses": [],
            "key_name": "martivo-x220",
            "metadata_options": [
              {
                "http_endpoint": "enabled",
                "http_put_response_hop_limit": 1,
                "http_tokens": "optional"
              }
            ],
            "monitoring": false,
            "network_interface": [],
            "outpost_arn": "",
            "password_data": "",
            "placement_group": "",
            "primary_network_interface_id": "eni-095a7b39d92246857",
            "private_dns": "ip-10-139-0-81.eu-central-1.compute.internal",
            "private_ip": "10.139.0.81",
            "public_dns": "ec2-3-70-176-172.eu-central-1.compute.amazonaws.com",
            "public_ip": "3.70.176.172",
            "root_block_device": [
              {
                "delete_on_termination": true,
                "device_name": "/dev/sda1",
                "encrypted": false,
                "iops": 300,
                "kms_key_id": "",
                "tags": {},
                "throughput": 0,
                "volume_id": "vol-03d3d6c60b8ac53b6",
                "volume_size": 100,
                "volume_type": "gp2"
              }
            ],
            "secondary_private_ips": [],
            "security_groups": [],
            "source_dest_check": true,
            "subnet_id": "subnet-078d3adb210d347d1",
            "tags": {
              "Name": "experiment-k3d"
            },
            "tags_all": {
              "Name": "experiment-k3d"
            },
            "tenancy": "default",
            "timeouts": null,
            "user_data": null,
            "user_data_base64": null,
            "volume_tags": null,
            "vpc_security_group_ids": [
              "sg-08fbbace557256e78"
            ]
          },
          "sensitive_attributes": [],
          "private": "eyJlMmJmYjczMC1lY2FhLTExZTYtOGY4OC0zNDM2M2JjN2M0YzAiOnsiY3JlYXRlIjo2MDAwMDAwMDAwMDAsImRlbGV0ZSI6MTIwMDAwMDAwMDAwMCwidXBkYXRlIjo2MDAwMDAwMDAwMDB9LCJzY2hlbWFfdmVyc2lvbiI6IjEifQ==",
          "dependencies": [
            "data.aws_ami.ubuntu-server",
            "data.aws_availability_zone.a",
            "aws_iam_instance_profile.node",
            "aws_iam_role.node",
            "aws_security_group.node",
            "aws_subnet.public-a",
            "aws_vpc.main"
          ]
        }
      ]
    },
    {
      "mode": "managed",
      "type": "aws_instance",
      "name": "kind",
      "provider": "provider[\"registry.terraform.io/hashicorp/aws\"]",
      "instances": [
        {
          "schema_version": 1,
          "attributes": {
            "ami": "ami-0ccc52d1499699b6b",
            "arn": "arn:aws:ec2:eu-central-1:112659975190:instance/i-01e2b7f25701bbd7a",
            "associate_public_ip_address": true,
            "availability_zone": "eu-central-1a",
            "capacity_reservation_specification": [
              {
                "capacity_reservation_preference": "open",
                "capacity_reservation_target": []
              }
            ],
            "cpu_core_count": 1,
            "cpu_threads_per_core": 2,
            "credit_specification": [],
            "disable_api_termination": false,
            "ebs_block_device": [],
            "ebs_optimized": false,
            "enclave_options": [
              {
                "enabled": false
              }
            ],
            "ephemeral_block_device": [],
            "get_password_data": false,
            "hibernation": false,
            "host_id": null,
            "iam_instance_profile": "experiment-eks-node-instance-profile",
            "id": "i-01e2b7f25701bbd7a",
            "instance_initiated_shutdown_behavior": "stop",
            "instance_state": "running",
            "instance_type": "m5.large",
            "ipv6_address_count": 0,
            "ipv6_addresses": [],
            "key_name": "martivo-x220",
            "metadata_options": [
              {
                "http_endpoint": "enabled",
                "http_put_response_hop_limit": 1,
                "http_tokens": "optional"
              }
            ],
            "monitoring": false,
            "network_interface": [],
            "outpost_arn": "",
            "password_data": "",
            "placement_group": "",
            "primary_network_interface_id": "eni-01b7a53d83166daa1",
            "private_dns": "ip-10-139-0-30.eu-central-1.compute.internal",
            "private_ip": "10.139.0.30",
            "public_dns": "ec2-18-159-104-194.eu-central-1.compute.amazonaws.com",
            "public_ip": "18.159.104.194",
            "root_block_device": [
              {
                "delete_on_termination": true,
                "device_name": "/dev/sda1",
                "encrypted": false,
                "iops": 300,
                "kms_key_id": "",
                "tags": {},
                "throughput": 0,
                "volume_id": "vol-04d0cee8d5efd6345",
                "volume_size": 100,
                "volume_type": "gp2"
              }
            ],
            "secondary_private_ips": [],
            "security_groups": [],
            "source_dest_check": true,
            "subnet_id": "subnet-078d3adb210d347d1",
            "tags": {
              "Name": "experiment-kind"
            },
            "tags_all": {
              "Name": "experiment-kind"
            },
            "tenancy": "default",
            "timeouts": null,
            "user_data": null,
            "user_data_base64": null,
            "volume_tags": null,
            "vpc_security_group_ids": [
              "sg-08fbbace557256e78"
            ]
          },
          "sensitive_attributes": [],
          "private": "eyJlMmJmYjczMC1lY2FhLTExZTYtOGY4OC0zNDM2M2JjN2M0YzAiOnsiY3JlYXRlIjo2MDAwMDAwMDAwMDAsImRlbGV0ZSI6MTIwMDAwMDAwMDAwMCwidXBkYXRlIjo2MDAwMDAwMDAwMDB9LCJzY2hlbWFfdmVyc2lvbiI6IjEifQ==",
          "dependencies": [
            "aws_subnet.public-a",
            "aws_vpc.main",
            "data.aws_ami.ubuntu-server",
            "data.aws_availability_zone.a",
            "aws_iam_instance_profile.node",
            "aws_iam_role.node",
            "aws_security_group.node"
          ]
        }
      ]
    },
    {
      "mode": "managed",
      "type": "aws_instance",
      "name": "microk8s",
      "provider": "provider[\"registry.terraform.io/hashicorp/aws\"]",
      "instances": [
        {
          "schema_version": 1,
          "attributes": {
            "ami": "ami-0ccc52d1499699b6b",
            "arn": "arn:aws:ec2:eu-central-1:112659975190:instance/i-0859a3e0d516bf61b",
            "associate_public_ip_address": true,
            "availability_zone": "eu-central-1a",
            "capacity_reservation_specification": [
              {
                "capacity_reservation_preference": "open",
                "capacity_reservation_target": []
              }
            ],
            "cpu_core_count": 1,
            "cpu_threads_per_core": 2,
            "credit_specification": [],
            "disable_api_termination": false,
            "ebs_block_device": [],
            "ebs_optimized": false,
            "enclave_options": [
              {
                "enabled": false
              }
            ],
            "ephemeral_block_device": [],
            "get_password_data": false,
            "hibernation": false,
            "host_id": null,
            "iam_instance_profile": "experiment-eks-node-instance-profile",
            "id": "i-0859a3e0d516bf61b",
            "instance_initiated_shutdown_behavior": "stop",
            "instance_state": "running",
            "instance_type": "m5.large",
            "ipv6_address_count": 0,
            "ipv6_addresses": [],
            "key_name": "martivo-x220",
            "metadata_options": [
              {
                "http_endpoint": "enabled",
                "http_put_response_hop_limit": 1,
                "http_tokens": "optional"
              }
            ],
            "monitoring": false,
            "network_interface": [],
            "outpost_arn": "",
            "password_data": "",
            "placement_group": "",
            "primary_network_interface_id": "eni-0581c65ab191d20f2",
            "private_dns": "ip-10-139-0-162.eu-central-1.compute.internal",
            "private_ip": "10.139.0.162",
            "public_dns": "ec2-3-123-21-54.eu-central-1.compute.amazonaws.com",
            "public_ip": "3.123.21.54",
            "root_block_device": [
              {
                "delete_on_termination": true,
                "device_name": "/dev/sda1",
                "encrypted": false,
                "iops": 300,
                "kms_key_id": "",
                "tags": {},
                "throughput": 0,
                "volume_id": "vol-094b2a9c8c00917a7",
                "volume_size": 100,
                "volume_type": "gp2"
              }
            ],
            "secondary_private_ips": [],
            "security_groups": [],
            "source_dest_check": true,
            "subnet_id": "subnet-078d3adb210d347d1",
            "tags": {
              "Name": "experiment-microk8s"
            },
            "tags_all": {
              "Name": "experiment-microk8s"
            },
            "tenancy": "default",
            "timeouts": null,
            "user_data": null,
            "user_data_base64": null,
            "volume_tags": null,
            "vpc_security_group_ids": [
              "sg-08fbbace557256e78"
            ]
          },
          "sensitive_attributes": [],
          "private": "eyJlMmJmYjczMC1lY2FhLTExZTYtOGY4OC0zNDM2M2JjN2M0YzAiOnsiY3JlYXRlIjo2MDAwMDAwMDAwMDAsImRlbGV0ZSI6MTIwMDAwMDAwMDAwMCwidXBkYXRlIjo2MDAwMDAwMDAwMDB9LCJzY2hlbWFfdmVyc2lvbiI6IjEifQ==",
          "dependencies": [
            "aws_subnet.public-a",
            "aws_vpc.main",
            "data.aws_ami.ubuntu-server",
            "data.aws_availability_zone.a",
            "aws_iam_instance_profile.node",
            "aws_iam_role.node",
            "aws_security_group.node"
          ]
        }
      ]
    },
    {
      "mode": "managed",
      "type": "aws_instance",
      "name": "minikube",
      "provider": "provider[\"registry.terraform.io/hashicorp/aws\"]",
      "instances": [
        {
          "schema_version": 1,
          "attributes": {
            "ami": "ami-0ccc52d1499699b6b",
            "arn": "arn:aws:ec2:eu-central-1:112659975190:instance/i-0597c487819c8e157",
            "associate_public_ip_address": true,
            "availability_zone": "eu-central-1a",
            "capacity_reservation_specification": [
              {
                "capacity_reservation_preference": "open",
                "capacity_reservation_target": []
              }
            ],
            "cpu_core_count": 1,
            "cpu_threads_per_core": 2,
            "credit_specification": [],
            "disable_api_termination": false,
            "ebs_block_device": [],
            "ebs_optimized": false,
            "enclave_options": [
              {
                "enabled": false
              }
            ],
            "ephemeral_block_device": [],
            "get_password_data": false,
            "hibernation": false,
            "host_id": null,
            "iam_instance_profile": "experiment-eks-node-instance-profile",
            "id": "i-0597c487819c8e157",
            "instance_initiated_shutdown_behavior": "stop",
            "instance_state": "running",
            "instance_type": "m5.large",
            "ipv6_address_count": 0,
            "ipv6_addresses": [],
            "key_name": "martivo-x220",
            "metadata_options": [
              {
                "http_endpoint": "enabled",
                "http_put_response_hop_limit": 1,
                "http_tokens": "optional"
              }
            ],
            "monitoring": false,
            "network_interface": [],
            "outpost_arn": "",
            "password_data": "",
            "placement_group": "",
            "primary_network_interface_id": "eni-015566a8b164c9335",
            "private_dns": "ip-10-139-0-49.eu-central-1.compute.internal",
            "private_ip": "10.139.0.49",
            "public_dns": "ec2-18-159-60-218.eu-central-1.compute.amazonaws.com",
            "public_ip": "18.159.60.218",
            "root_block_device": [
              {
                "delete_on_termination": true,
                "device_name": "/dev/sda1",
                "encrypted": false,
                "iops": 300,
                "kms_key_id": "",
                "tags": {},
                "throughput": 0,
                "volume_id": "vol-0b7287d0a901943ca",
                "volume_size": 100,
                "volume_type": "gp2"
              }
            ],
            "secondary_private_ips": [],
            "security_groups": [],
            "source_dest_check": true,
            "subnet_id": "subnet-078d3adb210d347d1",
            "tags": {
              "Name": "experiment-minikube"
            },
            "tags_all": {
              "Name": "experiment-minikube"
            },
            "tenancy": "default",
            "timeouts": null,
            "user_data": null,
            "user_data_base64": null,
            "volume_tags": null,
            "vpc_security_group_ids": [
              "sg-08fbbace557256e78"
            ]
          },
          "sensitive_attributes": [],
          "private": "eyJlMmJmYjczMC1lY2FhLTExZTYtOGY4OC0zNDM2M2JjN2M0YzAiOnsiY3JlYXRlIjo2MDAwMDAwMDAwMDAsImRlbGV0ZSI6MTIwMDAwMDAwMDAwMCwidXBkYXRlIjo2MDAwMDAwMDAwMDB9LCJzY2hlbWFfdmVyc2lvbiI6IjEifQ==",
          "dependencies": [
            "data.aws_availability_zone.a",
            "aws_iam_instance_profile.node",
            "aws_iam_role.node",
            "aws_security_group.node",
            "aws_subnet.public-a",
            "aws_vpc.main",
            "data.aws_ami.ubuntu-server"
          ]
        }
      ]
    },
    {
      "mode": "managed",
      "type": "aws_internet_gateway",
      "name": "gw",
      "provider": "provider[\"registry.terraform.io/hashicorp/aws\"]",
      "instances": [
        {
          "schema_version": 0,
          "attributes": {
            "arn": "arn:aws:ec2:eu-central-1:112659975190:internet-gateway/igw-02f7bc53735b6acbd",
            "id": "igw-02f7bc53735b6acbd",
            "owner_id": "112659975190",
            "tags": {},
            "tags_all": {},
            "vpc_id": "vpc-0a6678db6d02f8161"
          },
          "sensitive_attributes": [],
          "private": "bnVsbA==",
          "dependencies": [
            "aws_vpc.main"
          ]
        }
      ]
    },
    {
      "mode": "managed",
      "type": "aws_nat_gateway",
      "name": "gw-a",
      "provider": "provider[\"registry.terraform.io/hashicorp/aws\"]",
      "instances": [
        {
          "schema_version": 0,
          "attributes": {
            "allocation_id": "eipalloc-04c03573c9d28e747",
            "connectivity_type": "public",
            "id": "nat-0c5bba8160c29f05c",
            "network_interface_id": "eni-05c7db6c9ba622ea0",
            "private_ip": "10.139.0.205",
            "public_ip": "18.159.117.161",
            "subnet_id": "subnet-078d3adb210d347d1",
            "tags": {
              "Name": "experiment-gw-a"
            },
            "tags_all": {
              "Name": "experiment-gw-a"
            }
          },
          "sensitive_attributes": [],
          "private": "bnVsbA==",
          "dependencies": [
            "aws_internet_gateway.gw",
            "aws_subnet.public-a",
            "aws_vpc.main",
            "data.aws_availability_zone.a",
            "aws_eip.nat-a"
          ]
        }
      ]
    },
    {
      "mode": "managed",
      "type": "aws_route_table",
      "name": "r-private-a",
      "provider": "provider[\"registry.terraform.io/hashicorp/aws\"]",
      "instances": [
        {
          "schema_version": 0,
          "attributes": {
            "arn": "arn:aws:ec2:eu-central-1:112659975190:route-table/rtb-0fab6fd73a117fee8",
            "id": "rtb-0fab6fd73a117fee8",
            "owner_id": "112659975190",
            "propagating_vgws": [],
            "route": [
              {
                "carrier_gateway_id": "",
                "cidr_block": "0.0.0.0/0",
                "destination_prefix_list_id": "",
                "egress_only_gateway_id": "",
                "gateway_id": "",
                "instance_id": "",
                "ipv6_cidr_block": "",
                "local_gateway_id": "",
                "nat_gateway_id": "nat-0c5bba8160c29f05c",
                "network_interface_id": "",
                "transit_gateway_id": "",
                "vpc_endpoint_id": "",
                "vpc_peering_connection_id": ""
              }
            ],
            "tags": {
              "Name": "experiment-r-private-a"
            },
            "tags_all": {
              "Name": "experiment-r-private-a"
            },
            "vpc_id": "vpc-0a6678db6d02f8161"
          },
          "sensitive_attributes": [],
          "private": "bnVsbA==",
          "dependencies": [
            "aws_subnet.public-a",
            "aws_vpc.main",
            "data.aws_availability_zone.a",
            "aws_eip.nat-a",
            "aws_internet_gateway.gw",
            "aws_nat_gateway.gw-a"
          ]
        }
      ]
    },
    {
      "mode": "managed",
      "type": "aws_route_table",
      "name": "r-public",
      "provider": "provider[\"registry.terraform.io/hashicorp/aws\"]",
      "instances": [
        {
          "schema_version": 0,
          "attributes": {
            "arn": "arn:aws:ec2:eu-central-1:112659975190:route-table/rtb-0a4184824bc25166e",
            "id": "rtb-0a4184824bc25166e",
            "owner_id": "112659975190",
            "propagating_vgws": [],
            "route": [
              {
                "carrier_gateway_id": "",
                "cidr_block": "0.0.0.0/0",
                "destination_prefix_list_id": "",
                "egress_only_gateway_id": "",
                "gateway_id": "igw-02f7bc53735b6acbd",
                "instance_id": "",
                "ipv6_cidr_block": "",
                "local_gateway_id": "",
                "nat_gateway_id": "",
                "network_interface_id": "",
                "transit_gateway_id": "",
                "vpc_endpoint_id": "",
                "vpc_peering_connection_id": ""
              }
            ],
            "tags": {
              "Name": "experiment-r-public"
            },
            "tags_all": {
              "Name": "experiment-r-public"
            },
            "vpc_id": "vpc-0a6678db6d02f8161"
          },
          "sensitive_attributes": [],
          "private": "bnVsbA==",
          "dependencies": [
            "aws_internet_gateway.gw",
            "aws_vpc.main"
          ]
        }
      ]
    },
    {
      "mode": "managed",
      "type": "aws_route_table_association",
      "name": "ra-app-a",
      "provider": "provider[\"registry.terraform.io/hashicorp/aws\"]",
      "instances": [
        {
          "schema_version": 0,
          "attributes": {
            "gateway_id": "",
            "id": "rtbassoc-0074b4b533cd49edd",
            "route_table_id": "rtb-0fab6fd73a117fee8",
            "subnet_id": "subnet-0d045f4192ac562cd"
          },
          "sensitive_attributes": [],
          "private": "bnVsbA==",
          "dependencies": [
            "aws_vpc.main",
            "data.aws_availability_zone.a",
            "aws_eip.nat-a",
            "aws_internet_gateway.gw",
            "aws_nat_gateway.gw-a",
            "aws_route_table.r-private-a",
            "aws_subnet.private-app-a",
            "aws_subnet.public-a"
          ]
        }
      ]
    },
    {
      "mode": "managed",
      "type": "aws_route_table_association",
      "name": "ra-public-a",
      "provider": "provider[\"registry.terraform.io/hashicorp/aws\"]",
      "instances": [
        {
          "schema_version": 0,
          "attributes": {
            "gateway_id": "",
            "id": "rtbassoc-04d15672a9262d0a9",
            "route_table_id": "rtb-0a4184824bc25166e",
            "subnet_id": "subnet-078d3adb210d347d1"
          },
          "sensitive_attributes": [],
          "private": "bnVsbA==",
          "dependencies": [
            "data.aws_availability_zone.a",
            "aws_internet_gateway.gw",
            "aws_route_table.r-public",
            "aws_subnet.public-a",
            "aws_vpc.main"
          ]
        }
      ]
    },
    {
      "mode": "managed",
      "type": "aws_security_group",
      "name": "node",
      "provider": "provider[\"registry.terraform.io/hashicorp/aws\"]",
      "instances": [
        {
          "schema_version": 1,
          "attributes": {
            "arn": "arn:aws:ec2:eu-central-1:112659975190:security-group/sg-08fbbace557256e78",
            "description": "Security group for all nodes in the cluster",
            "egress": [
              {
                "cidr_blocks": [
                  "0.0.0.0/0"
                ],
                "description": "",
                "from_port": 0,
                "ipv6_cidr_blocks": [],
                "prefix_list_ids": [],
                "protocol": "-1",
                "security_groups": [],
                "self": false,
                "to_port": 0
              }
            ],
            "id": "sg-08fbbace557256e78",
            "ingress": [
              {
                "cidr_blocks": [
                  "0.0.0.0/0"
                ],
                "description": "",
                "from_port": 0,
                "ipv6_cidr_blocks": [],
                "prefix_list_ids": [],
                "protocol": "-1",
                "security_groups": [],
                "self": false,
                "to_port": 0
              },
              {
                "cidr_blocks": [],
                "description": "",
                "from_port": 0,
                "ipv6_cidr_blocks": [],
                "prefix_list_ids": [],
                "protocol": "-1",
                "security_groups": [],
                "self": true,
                "to_port": 0
              }
            ],
            "name": "experiment-eks-node-sg",
            "name_prefix": "",
            "owner_id": "112659975190",
            "revoke_rules_on_delete": false,
            "tags": {
              "Name": "experiment-eks-node-sg"
            },
            "tags_all": {
              "Name": "experiment-eks-node-sg"
            },
            "timeouts": null,
            "vpc_id": "vpc-0a6678db6d02f8161"
          },
          "sensitive_attributes": [],
          "private": "eyJlMmJmYjczMC1lY2FhLTExZTYtOGY4OC0zNDM2M2JjN2M0YzAiOnsiY3JlYXRlIjo2MDAwMDAwMDAwMDAsImRlbGV0ZSI6OTAwMDAwMDAwMDAwfSwic2NoZW1hX3ZlcnNpb24iOiIxIn0=",
          "dependencies": [
            "aws_vpc.main"
          ]
        }
      ]
    },
    {
      "mode": "managed",
      "type": "aws_subnet",
      "name": "private-app-a",
      "provider": "provider[\"registry.terraform.io/hashicorp/aws\"]",
      "instances": [
        {
          "schema_version": 1,
          "attributes": {
            "arn": "arn:aws:ec2:eu-central-1:112659975190:subnet/subnet-0d045f4192ac562cd",
            "assign_ipv6_address_on_creation": false,
            "availability_zone": "eu-central-1a",
            "availability_zone_id": "euc1-az2",
            "cidr_block": "10.139.4.0/24",
            "customer_owned_ipv4_pool": "",
            "id": "subnet-0d045f4192ac562cd",
            "ipv6_cidr_block": "",
            "ipv6_cidr_block_association_id": "",
            "map_customer_owned_ip_on_launch": false,
            "map_public_ip_on_launch": false,
            "outpost_arn": "",
            "owner_id": "112659975190",
            "tags": {
              "Name": "experiment-private-app-a"
            },
            "tags_all": {
              "Name": "experiment-private-app-a"
            },
            "timeouts": null,
            "vpc_id": "vpc-0a6678db6d02f8161"
          },
          "sensitive_attributes": [],
          "private": "eyJlMmJmYjczMC1lY2FhLTExZTYtOGY4OC0zNDM2M2JjN2M0YzAiOnsiY3JlYXRlIjo2MDAwMDAwMDAwMDAsImRlbGV0ZSI6MTIwMDAwMDAwMDAwMH0sInNjaGVtYV92ZXJzaW9uIjoiMSJ9",
          "dependencies": [
            "data.aws_availability_zone.a",
            "aws_vpc.main"
          ]
        }
      ]
    },
    {
      "mode": "managed",
      "type": "aws_subnet",
      "name": "public-a",
      "provider": "provider[\"registry.terraform.io/hashicorp/aws\"]",
      "instances": [
        {
          "schema_version": 1,
          "attributes": {
            "arn": "arn:aws:ec2:eu-central-1:112659975190:subnet/subnet-078d3adb210d347d1",
            "assign_ipv6_address_on_creation": false,
            "availability_zone": "eu-central-1a",
            "availability_zone_id": "euc1-az2",
            "cidr_block": "10.139.0.0/24",
            "customer_owned_ipv4_pool": "",
            "id": "subnet-078d3adb210d347d1",
            "ipv6_cidr_block": "",
            "ipv6_cidr_block_association_id": "",
            "map_customer_owned_ip_on_launch": false,
            "map_public_ip_on_launch": true,
            "outpost_arn": "",
            "owner_id": "112659975190",
            "tags": {
              "Name": "experiment-public-a"
            },
            "tags_all": {
              "Name": "experiment-public-a"
            },
            "timeouts": null,
            "vpc_id": "vpc-0a6678db6d02f8161"
          },
          "sensitive_attributes": [],
          "private": "eyJlMmJmYjczMC1lY2FhLTExZTYtOGY4OC0zNDM2M2JjN2M0YzAiOnsiY3JlYXRlIjo2MDAwMDAwMDAwMDAsImRlbGV0ZSI6MTIwMDAwMDAwMDAwMH0sInNjaGVtYV92ZXJzaW9uIjoiMSJ9",
          "dependencies": [
            "aws_vpc.main",
            "data.aws_availability_zone.a"
          ]
        }
      ]
    },
    {
      "mode": "managed",
      "type": "aws_vpc",
      "name": "main",
      "provider": "provider[\"registry.terraform.io/hashicorp/aws\"]",
      "instances": [
        {
          "schema_version": 1,
          "attributes": {
            "arn": "arn:aws:ec2:eu-central-1:112659975190:vpc/vpc-0a6678db6d02f8161",
            "assign_generated_ipv6_cidr_block": false,
            "cidr_block": "10.139.0.0/16",
            "default_network_acl_id": "acl-0ebec2d351ffec757",
            "default_route_table_id": "rtb-07da1f15236a45a18",
            "default_security_group_id": "sg-0173015258122288b",
            "dhcp_options_id": "dopt-d12539ba",
            "enable_classiclink": null,
            "enable_classiclink_dns_support": null,
            "enable_dns_hostnames": true,
            "enable_dns_support": true,
            "id": "vpc-0a6678db6d02f8161",
            "instance_tenancy": "default",
            "ipv6_association_id": "",
            "ipv6_cidr_block": "",
            "main_route_table_id": "rtb-07da1f15236a45a18",
            "owner_id": "112659975190",
            "tags": {
              "Name": "experiment-vpc"
            },
            "tags_all": {
              "Name": "experiment-vpc"
            }
          },
          "sensitive_attributes": [],
          "private": "eyJzY2hlbWFfdmVyc2lvbiI6IjEifQ=="
        }
      ]
    },
    {
      "mode": "managed",
      "type": "null_resource",
      "name": "microk8s",
      "provider": "provider[\"registry.terraform.io/hashicorp/null\"]",
      "instances": [
        {
          "schema_version": 0,
          "attributes": {
            "id": "1341039852375110233",
            "triggers": {
              "data": "#!/bin/bash\n\nMEMORY_AVAIL=`free -m | grep Mem | awk '{print $7}'`\n\necho \"Tööriista paigaldus\"\nSTART_TIME=$SECONDS\nsudo snap install lxd\nsudo lxd init\nlxc profile create microk8s\nwget https://raw.githubusercontent.com/ubuntu/microk8s/master/tests/lxc/microk8s.profile -O microk8s.profile\ncat microk8s.profile | lxc profile edit microk8s\nrm microk8s.profile\n\necho \"Tööriista paigaldus võttis $(($SECONDS - $START_TIME)) sekundit\"\n\n\necho \"Tööriistaga klastri loomine.\"\nSTART_TIME=$SECONDS\nfree -m\n#https://microk8s.io/docs/lxd\n#https://ubuntu.com/tutorials/getting-started-with-kubernetes-ha?\u0026_ga=2.199186223.1894255953.1646810874-1723796373.1646050010#4-create-a-microk8s-multinode-cluster\n\nlxc launch -p default -p microk8s-m1 ubuntu:20.04 microk8s\nlxc exec microk8s -- sudo snap install microk8s --classic\nlxc shell microk8s \"cat \u003e /etc/rc.local \u003c\u003cEOF\n#!/bin/bash\napparmor_parser --replace /var/lib/snapd/apparmor/profiles/snap.microk8s.*\nexit 0\nEOF\"\nlxc exec microk8s -- sudo chmod +x /etc/rc.local\n\nmicrok8s status --wait-ready\n\necho \"Tööriista käivitamine võttis $(($SECONDS - $START_TIME)) sekundit\"\n\necho \"Kontroll kas kõik töötaja masinad on valmis.\"\nSTART_TIME=$SECONDS\nfoo=\"1\"\nwhile [ \"$foo\" -lt \"8\" ]\ndo\n        sleep 1\n        foo=$(microk8s kubectl get nodes | grep Ready | wc -l)\n        echo \"$foo nodes ready, waiting.\"\ndone\nmicrok8s kubectl get nodes\necho \"Kõik töötaja masinad on valmis $(($SECONDS - $START_TIME)) sekundiga.\"\n\nMEM_NOW=`free -m | grep Mem | awk '{print $7}'`\n\necho \"Mälukasutuse muutus on $(($MEMORY_AVAIL - $MEM_NOW))\"\nfree -m\n\n\n\n"
            }
          },
          "sensitive_attributes": [],
          "private": "bnVsbA==",
          "dependencies": [
            "data.aws_ami.ubuntu-server",
            "data.aws_availability_zone.a",
            "aws_iam_instance_profile.node",
            "aws_security_group.node",
            "aws_subnet.public-a",
            "aws_vpc.main",
            "data.local_file.microk8s",
            "aws_iam_role.node",
            "aws_instance.microk8s"
          ]
        }
      ]
    }
  ]
}
